
Microsoft Visual Studio Solution File, Format Version 12.00
Project("{FAE04EC0-301F-11D3-BF4B-00C04F79EFBC}") = "SlotMachineMac", "SlotMachineMac\SlotMachineMac.csproj", "{F520F730-DCBC-470C-B5B5-A5B57972313E}"
EndProject
Project("{FAE04EC0-301F-11D3-BF4B-00C04F79EFBC}") = "SlotMachineTests", "SlotMachineTests\SlotMachineTests.csproj", "{344C9BC2-EE0C-4B5F-B548-4C544AFAFE28}"
EndProject
Global
	GlobalSection(SolutionConfigurationPlatforms) = preSolution
		Debug|Any CPU = Debug|Any CPU
		Release|Any CPU = Release|Any CPU
	EndGlobalSection
	GlobalSection(ProjectConfigurationPlatforms) = postSolution
		{F520F730-DCBC-470C-B5B5-A5B57972313E}.Debug|Any CPU.ActiveCfg = Debug|Any CPU
		{F520F730-DCBC-470C-B5B5-A5B57972313E}.Debug|Any CPU.Build.0 = Debug|Any CPU
		{F520F730-DCBC-470C-B5B5-A5B57972313E}.Release|Any CPU.ActiveCfg = Release|Any CPU
		{F520F730-DCBC-470C-B5B5-A5B57972313E}.Release|Any CPU.Build.0 = Release|Any CPU
		{344C9BC2-EE0C-4B5F-B548-4C544AFAFE28}.Debug|Any CPU.ActiveCfg = Debug|Any CPU
		{344C9BC2-EE0C-4B5F-B548-4C544AFAFE28}.Debug|Any CPU.Build.0 = Debug|Any CPU
		{344C9BC2-EE0C-4B5F-B548-4C544AFAFE28}.Release|Any CPU.ActiveCfg = Release|Any CPU
		{344C9BC2-EE0C-4B5F-B548-4C544AFAFE28}.Release|Any CPU.Build.0 = Release|Any CPU
	EndGlobalSection
EndGlobal
